
Microsoft Visual Studio Solution File, Format Version 12.00
# Visual Studio Version 17
VisualStudioVersion = 17.8.34322.80
MinimumVisualStudioVersion = 10.0.40219.1
Project("{FAE04EC0-301F-11D3-BF4B-00C04F79EFBC}") = "AverageCalculator", "AverageCalculator.csproj", "{D15A33E4-1856-43E0-BE48-4424EB20C43A}"
EndProject
Global
	GlobalSection(SolutionConfigurationPlatforms) = preSolution
		Debug|Any CPU = Debug|Any CPU
		Release|Any CPU = Release|Any CPU
	EndGlobalSection
	GlobalSection(ProjectConfigurationPlatforms) = postSolution
		{D15A33E4-1856-43E0-BE48-4424EB20C43A}.Debug|Any CPU.ActiveCfg = Debug|Any CPU
		{D15A33E4-1856-43E0-BE48-4424EB20C43A}.Debug|Any CPU.Build.0 = Debug|Any CPU
		{D15A33E4-1856-43E0-BE48-4424EB20C43A}.Release|Any CPU.ActiveCfg = Release|Any CPU
		{D15A33E4-1856-43E0-BE48-4424EB20C43A}.Release|Any CPU.Build.0 = Release|Any CPU
	EndGlobalSection
	GlobalSection(SolutionProperties) = preSolution
		HideSolutionNode = FALSE
	EndGlobalSection
	GlobalSection(ExtensibilityGlobals) = postSolution
		SolutionGuid = {9577FDB3-2F05-4A47-8105-4253098849B2}
	EndGlobalSection
EndGlobal
